
Microsoft Visual Studio Solution File, Format Version 12.00
# Visual Studio Version 17
VisualStudioVersion = 17.0.31903.59
MinimumVisualStudioVersion = 10.0.40219.1
Project("{2150E333-8FDC-42A3-9474-1A3956D46DE8}") = "src", "src", "{7A31572F-8E0B-424B-B340-F6FBD8876783}"
EndProject
Project("{FAE04EC0-301F-11D3-BF4B-00C04F79EFBC}") = "BankaApp.Api", "src\BankaApp.Api\BankaApp.Api.csproj", "{D2A54F5F-73E0-4040-A687-0465AE987C75}"
EndProject
Project("{FAE04EC0-301F-11D3-BF4B-00C04F79EFBC}") = "BankaApp.Domain", "src\BankaApp.Domain\BankaApp.Domain.csproj", "{78C5F496-B55A-4F56-A7C8-E66035B32619}"
EndProject
Project("{FAE04EC0-301F-11D3-BF4B-00C04F79EFBC}") = "BankaApp.Application", "src\BankaApp.Application\BankaApp.Application.csproj", "{4D887D80-C6F6-4F49-8E8E-5DC27AC77B54}"
EndProject
Project("{FAE04EC0-301F-11D3-BF4B-00C04F79EFBC}") = "BankaApp.Infrastructure", "src\BankaApp.Infrastructure\BankaApp.Infrastructure.csproj", "{8F82E7B0-8BF1-4C5B-AA10-0F1D8C922FF1}"
EndProject
Project("{2150E333-8FDC-42A3-9474-1A3956D46DE8}") = "tests", "tests", "{398A1ED7-64C5-4A33-93D1-942C178FBC18}"
EndProject
Project("{FAE04EC0-301F-11D3-BF4B-00C04F79EFBC}") = "BankaApp.UnitTests", "tests\BankaApp.UnitTests\BankaApp.UnitTests.csproj", "{32A76E58-09ED-4CBA-9FA9-3DFC25C97F56}"
EndProject
Global
	GlobalSection(SolutionConfigurationPlatforms) = preSolution
		Debug|Any CPU = Debug|Any CPU
		Release|Any CPU = Release|Any CPU
	EndGlobalSection
	GlobalSection(SolutionProperties) = preSolution
		HideSolutionNode = FALSE
	EndGlobalSection
	GlobalSection(ProjectConfigurationPlatforms) = postSolution
		{D2A54F5F-73E0-4040-A687-0465AE987C75}.Debug|Any CPU.ActiveCfg = Debug|Any CPU
		{D2A54F5F-73E0-4040-A687-0465AE987C75}.Debug|Any CPU.Build.0 = Debug|Any CPU
		{D2A54F5F-73E0-4040-A687-0465AE987C75}.Release|Any CPU.ActiveCfg = Release|Any CPU
		{D2A54F5F-73E0-4040-A687-0465AE987C75}.Release|Any CPU.Build.0 = Release|Any CPU
		{78C5F496-B55A-4F56-A7C8-E66035B32619}.Debug|Any CPU.ActiveCfg = Debug|Any CPU
		{78C5F496-B55A-4F56-A7C8-E66035B32619}.Debug|Any CPU.Build.0 = Debug|Any CPU
		{78C5F496-B55A-4F56-A7C8-E66035B32619}.Release|Any CPU.ActiveCfg = Release|Any CPU
		{78C5F496-B55A-4F56-A7C8-E66035B32619}.Release|Any CPU.Build.0 = Release|Any CPU
		{4D887D80-C6F6-4F49-8E8E-5DC27AC77B54}.Debug|Any CPU.ActiveCfg = Debug|Any CPU
		{4D887D80-C6F6-4F49-8E8E-5DC27AC77B54}.Debug|Any CPU.Build.0 = Debug|Any CPU
		{4D887D80-C6F6-4F49-8E8E-5DC27AC77B54}.Release|Any CPU.ActiveCfg = Release|Any CPU
		{4D887D80-C6F6-4F49-8E8E-5DC27AC77B54}.Release|Any CPU.Build.0 = Release|Any CPU
		{8F82E7B0-8BF1-4C5B-AA10-0F1D8C922FF1}.Debug|Any CPU.ActiveCfg = Debug|Any CPU
		{8F82E7B0-8BF1-4C5B-AA10-0F1D8C922FF1}.Debug|Any CPU.Build.0 = Debug|Any CPU
		{8F82E7B0-8BF1-4C5B-AA10-0F1D8C922FF1}.Release|Any CPU.ActiveCfg = Release|Any CPU
		{8F82E7B0-8BF1-4C5B-AA10-0F1D8C922FF1}.Release|Any CPU.Build.0 = Release|Any CPU
		{32A76E58-09ED-4CBA-9FA9-3DFC25C97F56}.Debug|Any CPU.ActiveCfg = Debug|Any CPU
		{32A76E58-09ED-4CBA-9FA9-3DFC25C97F56}.Debug|Any CPU.Build.0 = Debug|Any CPU
		{32A76E58-09ED-4CBA-9FA9-3DFC25C97F56}.Release|Any CPU.ActiveCfg = Release|Any CPU
		{32A76E58-09ED-4CBA-9FA9-3DFC25C97F56}.Release|Any CPU.Build.0 = Release|Any CPU
	EndGlobalSection
	GlobalSection(NestedProjects) = preSolution
		{D2A54F5F-73E0-4040-A687-0465AE987C75} = {7A31572F-8E0B-424B-B340-F6FBD8876783}
		{78C5F496-B55A-4F56-A7C8-E66035B32619} = {7A31572F-8E0B-424B-B340-F6FBD8876783}
		{4D887D80-C6F6-4F49-8E8E-5DC27AC77B54} = {7A31572F-8E0B-424B-B340-F6FBD8876783}
		{8F82E7B0-8BF1-4C5B-AA10-0F1D8C922FF1} = {7A31572F-8E0B-424B-B340-F6FBD8876783}
		{32A76E58-09ED-4CBA-9FA9-3DFC25C97F56} = {398A1ED7-64C5-4A33-93D1-942C178FBC18}
	EndGlobalSection
EndGlobal
